{
  "requires": true,
  "lockfileVersion": 1,
  "dependencies": {
    "moment": {
      "version": "2.29.1",
      "resolved": "https://registry.npmjs.org/moment/-/moment-2.29.1.tgz",
      "integrity": "sha512-kHmoybcPV8Sqy59DwNDY3Jefr64lK/by/da0ViFcuA4DH0vQg5Q6Ze5VimxkfQNSC+Mls/Kx53s7TjP1RhFEDQ=="
    },
    "ng-sidebar": {
      "version": "9.4.2",
      "resolved": "https://registry.npmjs.org/ng-sidebar/-/ng-sidebar-9.4.2.tgz",
      "integrity": "sha512-8KmEQYFhn4S5LDjRDXBhDfCgLchJEj+ClBdiTCAQoRjX8vdh85hmKIGN7aBsh1HNOXKN3rzDu0qmd90193/P3Q=="
    },
    "typescript": {
      "version": "3.1.6",
      "resolved": "https://registry.npmjs.org/typescript/-/typescript-3.1.6.tgz",
      "integrity": "sha512-tDMYfVtvpb96msS1lDX9MEdHrW4yOuZ4Kdc4Him9oU796XldPYF/t2+uKoX0BBa0hXXwDlqYQbXY5Rzjzc5hBA=="
    }
  }
}
